
Microsoft Visual Studio Solution File, Format Version 12.00
# Visual Studio 14
VisualStudioVersion = 14.0.24720.0
MinimumVisualStudioVersion = 10.0.40219.1
Project("{FAE04EC0-301F-11D3-BF4B-00C04F79EFBC}") = "Providence.Bar", "Providence.Bar\Providence.Bar.csproj", "{58885532-1A59-43E8-A262-A997B705AD99}"
EndProject
Project("{FAE04EC0-301F-11D3-BF4B-00C04F79EFBC}") = "Providence", "Providence\Providence.csproj", "{538EFD4A-879C-4B2A-B368-1B54D67BACCA}"
EndProject
Global
	GlobalSection(SolutionConfigurationPlatforms) = preSolution
		Debug|Any CPU = Debug|Any CPU
		Release|Any CPU = Release|Any CPU
	EndGlobalSection
	GlobalSection(ProjectConfigurationPlatforms) = postSolution
		{58885532-1A59-43E8-A262-A997B705AD99}.Debug|Any CPU.ActiveCfg = Debug|Any CPU
		{58885532-1A59-43E8-A262-A997B705AD99}.Debug|Any CPU.Build.0 = Debug|Any CPU
		{58885532-1A59-43E8-A262-A997B705AD99}.Release|Any CPU.ActiveCfg = Release|Any CPU
		{58885532-1A59-43E8-A262-A997B705AD99}.Release|Any CPU.Build.0 = Release|Any CPU
		{538EFD4A-879C-4B2A-B368-1B54D67BACCA}.Debug|Any CPU.ActiveCfg = Debug|Any CPU
		{538EFD4A-879C-4B2A-B368-1B54D67BACCA}.Debug|Any CPU.Build.0 = Debug|Any CPU
		{538EFD4A-879C-4B2A-B368-1B54D67BACCA}.Release|Any CPU.ActiveCfg = Release|Any CPU
		{538EFD4A-879C-4B2A-B368-1B54D67BACCA}.Release|Any CPU.Build.0 = Release|Any CPU
	EndGlobalSection
	GlobalSection(SolutionProperties) = preSolution
		HideSolutionNode = FALSE
	EndGlobalSection
EndGlobal
